
Microsoft Visual Studio Solution File, Format Version 12.00
# Visual Studio 15
VisualStudioVersion = 15.0.28010.2046
MinimumVisualStudioVersion = 10.0.40219.1
Project("{FAE04EC0-301F-11D3-BF4B-00C04F79EFBC}") = "JBCSite.Web", "JBCSite.Web\JBCSite.Web.csproj", "{BD4F7387-E210-4368-BDCE-23D371616E46}"
EndProject
Project("{FAE04EC0-301F-11D3-BF4B-00C04F79EFBC}") = "JBCSite.Web.Tests", "JBCSite.Web.Tests\JBCSite.Web.Tests.csproj", "{FA20C4B7-888E-42B3-A726-671A7E326045}"
EndProject
Project("{FAE04EC0-301F-11D3-BF4B-00C04F79EFBC}") = "JBCSite.Domain.Models", "JBCSite.Domain.Models\JBCSite.Domain.Models.csproj", "{95BBC1BF-B497-4E9E-A5EE-B1122D7D790A}"
EndProject
Project("{FAE04EC0-301F-11D3-BF4B-00C04F79EFBC}") = "JBCSite.Services", "JBCSite.Services\JBCSite.Services.csproj", "{E16B9452-B6CA-43F1-88D4-99216C562612}"
EndProject
Project("{FAE04EC0-301F-11D3-BF4B-00C04F79EFBC}") = "JBCSite.Viewmodels", "JBCSite.Viewmodels\JBCSite.Viewmodels.csproj", "{02C8A169-A5B5-4273-82DC-C8C8A61A0261}"
EndProject
Global
	GlobalSection(SolutionConfigurationPlatforms) = preSolution
		Debug|Any CPU = Debug|Any CPU
		Release|Any CPU = Release|Any CPU
	EndGlobalSection
	GlobalSection(ProjectConfigurationPlatforms) = postSolution
		{BD4F7387-E210-4368-BDCE-23D371616E46}.Debug|Any CPU.ActiveCfg = Debug|Any CPU
		{BD4F7387-E210-4368-BDCE-23D371616E46}.Debug|Any CPU.Build.0 = Debug|Any CPU
		{BD4F7387-E210-4368-BDCE-23D371616E46}.Release|Any CPU.ActiveCfg = Release|Any CPU
		{BD4F7387-E210-4368-BDCE-23D371616E46}.Release|Any CPU.Build.0 = Release|Any CPU
		{FA20C4B7-888E-42B3-A726-671A7E326045}.Debug|Any CPU.ActiveCfg = Debug|Any CPU
		{FA20C4B7-888E-42B3-A726-671A7E326045}.Debug|Any CPU.Build.0 = Debug|Any CPU
		{FA20C4B7-888E-42B3-A726-671A7E326045}.Release|Any CPU.ActiveCfg = Release|Any CPU
		{FA20C4B7-888E-42B3-A726-671A7E326045}.Release|Any CPU.Build.0 = Release|Any CPU
		{95BBC1BF-B497-4E9E-A5EE-B1122D7D790A}.Debug|Any CPU.ActiveCfg = Debug|Any CPU
		{95BBC1BF-B497-4E9E-A5EE-B1122D7D790A}.Debug|Any CPU.Build.0 = Debug|Any CPU
		{95BBC1BF-B497-4E9E-A5EE-B1122D7D790A}.Release|Any CPU.ActiveCfg = Release|Any CPU
		{95BBC1BF-B497-4E9E-A5EE-B1122D7D790A}.Release|Any CPU.Build.0 = Release|Any CPU
		{E16B9452-B6CA-43F1-88D4-99216C562612}.Debug|Any CPU.ActiveCfg = Debug|Any CPU
		{E16B9452-B6CA-43F1-88D4-99216C562612}.Debug|Any CPU.Build.0 = Debug|Any CPU
		{E16B9452-B6CA-43F1-88D4-99216C562612}.Release|Any CPU.ActiveCfg = Release|Any CPU
		{E16B9452-B6CA-43F1-88D4-99216C562612}.Release|Any CPU.Build.0 = Release|Any CPU
		{02C8A169-A5B5-4273-82DC-C8C8A61A0261}.Debug|Any CPU.ActiveCfg = Debug|Any CPU
		{02C8A169-A5B5-4273-82DC-C8C8A61A0261}.Debug|Any CPU.Build.0 = Debug|Any CPU
		{02C8A169-A5B5-4273-82DC-C8C8A61A0261}.Release|Any CPU.ActiveCfg = Release|Any CPU
		{02C8A169-A5B5-4273-82DC-C8C8A61A0261}.Release|Any CPU.Build.0 = Release|Any CPU
	EndGlobalSection
	GlobalSection(SolutionProperties) = preSolution
		HideSolutionNode = FALSE
	EndGlobalSection
	GlobalSection(ExtensibilityGlobals) = postSolution
		SolutionGuid = {BAB278DE-59E1-4591-9D5D-B2A38230DA91}
	EndGlobalSection
EndGlobal
